{
  "nodes": {
    "check-check-backend-contracts": {
      "inputs": {
        "flake-utils": "flake-utils",
        "nixpkgs": "nixpkgs",
        "systems": "systems"
      },
      "locked": {
        "lastModified": 1742731640,
        "narHash": "sha256-SUJdt17Q/Ba0a8i4hMCTKpYMpNTmL+dc9ajPx+3s8s0=",
        "owner": "danielambda",
        "repo": "check-check-backend-contracts",
        "rev": "d00cdc3b2d85621a5afae21c81b6dbcb5bec32e5",
        "type": "github"
      },
      "original": {
        "owner": "danielambda",
        "repo": "check-check-backend-contracts",
        "type": "github"
      }
    },
    "flake-parts": {
      "inputs": {
        "nixpkgs-lib": "nixpkgs-lib"
      },
      "locked": {
        "lastModified": 1743550720,
        "narHash": "sha256-hIshGgKZCgWh6AYJpJmRgFdR3WUbkY04o82X05xqQiY=",
        "owner": "hercules-ci",
        "repo": "flake-parts",
        "rev": "c621e8422220273271f52058f618c94e405bb0f5",
        "type": "github"
      },
      "original": {
        "owner": "hercules-ci",
        "repo": "flake-parts",
        "type": "github"
      }
    },
    "flake-parts_2": {
      "inputs": {
        "nixpkgs-lib": "nixpkgs-lib_2"
      },
      "locked": {
        "lastModified": 1743550720,
        "narHash": "sha256-hIshGgKZCgWh6AYJpJmRgFdR3WUbkY04o82X05xqQiY=",
        "owner": "hercules-ci",
        "repo": "flake-parts",
        "rev": "c621e8422220273271f52058f618c94e405bb0f5",
        "type": "github"
      },
      "original": {
        "owner": "hercules-ci",
        "repo": "flake-parts",
        "type": "github"
      }
    },
    "flake-utils": {
      "inputs": {
        "systems": [
          "check-check-backend-contracts",
          "systems"
        ]
      },
      "locked": {
        "lastModified": 1731533236,
        "narHash": "sha256-l0KFg5HjrsfsO/JpG+r7fRrqm12kzFHyUHqHCVpMMbI=",
        "owner": "numtide",
        "repo": "flake-utils",
        "rev": "11707dc2f618dd54ca8739b309ec4fc024de578b",
        "type": "github"
      },
      "original": {
        "owner": "numtide",
        "repo": "flake-utils",
        "type": "github"
      }
    },
    "flake-utils_2": {
      "inputs": {
        "systems": [
          "smart-primitives",
          "systems"
        ]
      },
      "locked": {
        "lastModified": 1731533236,
        "narHash": "sha256-l0KFg5HjrsfsO/JpG+r7fRrqm12kzFHyUHqHCVpMMbI=",
        "owner": "numtide",
        "repo": "flake-utils",
        "rev": "11707dc2f618dd54ca8739b309ec4fc024de578b",
        "type": "github"
      },
      "original": {
        "owner": "numtide",
        "repo": "flake-utils",
        "type": "github"
      }
    },
    "haskell-flake": {
      "locked": {
        "lastModified": 1746938027,
        "narHash": "sha256-MGvizJ6t2DyTZlI/uAyIYSompqAotUbgzHvPn3jYDYk=",
        "owner": "srid",
        "repo": "haskell-flake",
        "rev": "6531204f95cc83daafb740ccfaacdf50eba117ff",
        "type": "github"
      },
      "original": {
        "owner": "srid",
        "repo": "haskell-flake",
        "type": "github"
      }
    },
    "haskell-flake_2": {
      "locked": {
        "lastModified": 1746938027,
        "narHash": "sha256-MGvizJ6t2DyTZlI/uAyIYSompqAotUbgzHvPn3jYDYk=",
        "owner": "srid",
        "repo": "haskell-flake",
        "rev": "6531204f95cc83daafb740ccfaacdf50eba117ff",
        "type": "github"
      },
      "original": {
        "owner": "srid",
        "repo": "haskell-flake",
        "type": "github"
      }
    },
    "nixpkgs": {
      "locked": {
        "lastModified": 1741865919,
        "narHash": "sha256-4thdbnP6dlbdq+qZWTsm4ffAwoS8Tiq1YResB+RP6WE=",
        "owner": "NixOS",
        "repo": "nixpkgs",
        "rev": "573c650e8a14b2faa0041645ab18aed7e60f0c9a",
        "type": "github"
      },
      "original": {
        "owner": "NixOS",
        "ref": "nixpkgs-unstable",
        "repo": "nixpkgs",
        "type": "github"
      }
    },
    "nixpkgs-lib": {
      "locked": {
        "lastModified": 1743296961,
        "narHash": "sha256-b1EdN3cULCqtorQ4QeWgLMrd5ZGOjLSLemfa00heasc=",
        "owner": "nix-community",
        "repo": "nixpkgs.lib",
        "rev": "e4822aea2a6d1cdd36653c134cacfd64c97ff4fa",
        "type": "github"
      },
      "original": {
        "owner": "nix-community",
        "repo": "nixpkgs.lib",
        "type": "github"
      }
    },
    "nixpkgs-lib_2": {
      "locked": {
        "lastModified": 1743296961,
        "narHash": "sha256-b1EdN3cULCqtorQ4QeWgLMrd5ZGOjLSLemfa00heasc=",
        "owner": "nix-community",
        "repo": "nixpkgs.lib",
        "rev": "e4822aea2a6d1cdd36653c134cacfd64c97ff4fa",
        "type": "github"
      },
      "original": {
        "owner": "nix-community",
        "repo": "nixpkgs.lib",
        "type": "github"
      }
    },
    "nixpkgs_2": {
      "locked": {
        "lastModified": 1747696584,
        "narHash": "sha256-TvJjbLlQ5aAHS3ZdP8mztNs28cMGWdT3J9g/6li3/4I=",
        "owner": "nixos",
        "repo": "nixpkgs",
        "rev": "359c442b7d1f6229c1dc978116d32d6c07fe8440",
        "type": "github"
      },
      "original": {
        "owner": "nixos",
        "ref": "nixpkgs-unstable",
        "repo": "nixpkgs",
        "type": "github"
      }
    },
    "nixpkgs_3": {
      "locked": {
        "lastModified": 1741865919,
        "narHash": "sha256-4thdbnP6dlbdq+qZWTsm4ffAwoS8Tiq1YResB+RP6WE=",
        "owner": "NixOS",
        "repo": "nixpkgs",
        "rev": "573c650e8a14b2faa0041645ab18aed7e60f0c9a",
        "type": "github"
      },
      "original": {
        "owner": "NixOS",
        "ref": "nixpkgs-unstable",
        "repo": "nixpkgs",
        "type": "github"
      }
    },
    "nixpkgs_4": {
      "locked": {
        "lastModified": 1747533086,
        "narHash": "sha256-+8goyptSXa7qV0k5uPKyky58jpBjI/qkzsbwCZFvhRY=",
        "owner": "nixos",
        "repo": "nixpkgs",
        "rev": "8406224e30c258025cb8b31704bdb977a8f1f009",
        "type": "github"
      },
      "original": {
        "owner": "nixos",
        "ref": "nixpkgs-unstable",
        "repo": "nixpkgs",
        "type": "github"
      }
    },
    "root": {
      "inputs": {
        "check-check-backend-contracts": "check-check-backend-contracts",
        "flake-parts": "flake-parts",
        "haskell-flake": "haskell-flake",
        "nixpkgs": "nixpkgs_2",
        "smart-primitives": "smart-primitives",
        "telegram-bot-fsafe": "telegram-bot-fsafe"
      }
    },
    "smart-primitives": {
      "inputs": {
        "flake-utils": "flake-utils_2",
        "nixpkgs": "nixpkgs_3",
        "systems": "systems_2"
      },
      "locked": {
        "lastModified": 1742730146,
        "narHash": "sha256-mwrVHuDg8XXu/BkUelLNedbRrmvePq8LMkVijITw5M0=",
        "owner": "danielambda",
        "repo": "smart-primitives",
        "rev": "03193ff51a339bccaa3250f40b9d2fa032782824",
        "type": "github"
      },
      "original": {
        "owner": "danielambda",
        "repo": "smart-primitives",
        "type": "github"
      }
    },
    "systems": {
      "locked": {
        "lastModified": 1681028828,
        "narHash": "sha256-Vy1rq5AaRuLzOxct8nz4T6wlgyUR7zLU309k9mBC768=",
        "owner": "nix-systems",
        "repo": "default",
        "rev": "da67096a3b9bf56a91d16901293e51ba5b49a27e",
        "type": "github"
      },
      "original": {
        "owner": "nix-systems",
        "repo": "default",
        "type": "github"
      }
    },
    "systems_2": {
      "locked": {
        "lastModified": 1681028828,
        "narHash": "sha256-Vy1rq5AaRuLzOxct8nz4T6wlgyUR7zLU309k9mBC768=",
        "owner": "nix-systems",
        "repo": "default",
        "rev": "da67096a3b9bf56a91d16901293e51ba5b49a27e",
        "type": "github"
      },
      "original": {
        "owner": "nix-systems",
        "repo": "default",
        "type": "github"
      }
    },
    "telegram-bot-fsafe": {
      "inputs": {
        "flake-parts": "flake-parts_2",
        "haskell-flake": "haskell-flake_2",
        "nixpkgs": "nixpkgs_4"
      },
      "locked": {
        "lastModified": 1748273984,
        "narHash": "sha256-Rb8aSkm0LvogpJFicy62ZSh/s8pAIagVslNped4buK0=",
        "owner": "danielambda",
        "repo": "telegram-bot-fsafe",
        "rev": "b768c9239a6ca0fe3c5bdbb179db7b681e5364b9",
        "type": "github"
      },
      "original": {
        "owner": "danielambda",
        "repo": "telegram-bot-fsafe",
        "type": "github"
      }
    }
  },
  "root": "root",
  "version": 7
}
